// !$*UTF8*$!
{
	archiveVersion = 1;
	classes = {
	};
	objectVersion = 46;
	objects = {

/* Begin PBXBuildFile section */
		2BE54D9C1F6A499400F2F424 /* libz.1.dylib in Frameworks */ = {isa = PBXBuildFile; fileRef = 2BE54D9B1F6A499400F2F424 /* libz.1.dylib */; };
		2BE54D9E1F6A49C900F2F424 /* ExternalAccessory.framework in Frameworks */ = {isa = PBXBuildFile; fileRef = 2BE54D9D1F6A49C900F2F424 /* ExternalAccessory.framework */; };
		2BE54DA01F6A49D100F2F424 /* ImageIO.framework in Frameworks */ = {isa = PBXBuildFile; fileRef = 2BE54D9F1F6A49D100F2F424 /* ImageIO.framework */; };
		2BE54DA21F6A49D700F2F424 /* Accelerate.framework in Frameworks */ = {isa = PBXBuildFile; fileRef = 2BE54DA11F6A49D700F2F424 /* Accelerate.framework */; };
		2BEDC3551F69EF1B00C27C36 /* AppDelegate.swift in Sources */ = {isa = PBXBuildFile; fileRef = 2BEDC3541F69EF1B00C27C36 /* AppDelegate.swift */; };
		2BEDC3571F69EF1B00C27C36 /* CaptureFrameViewController.swift in Sources */ = {isa = PBXBuildFile; fileRef = 2BEDC3561F69EF1B00C27C36 /* CaptureFrameViewController.swift */; };
		2BEDC35A1F69EF1B00C27C36 /* Main.storyboard in Resources */ = {isa = PBXBuildFile; fileRef = 2BEDC3581F69EF1B00C27C36 /* Main.storyboard */; };
		2BEDC35C1F69EF1B00C27C36 /* Assets.xcassets in Resources */ = {isa = PBXBuildFile; fileRef = 2BEDC35B1F69EF1B00C27C36 /* Assets.xcassets */; };
		2BEDC35F1F69EF1B00C27C36 /* LaunchScreen.storyboard in Resources */ = {isa = PBXBuildFile; fileRef = 2BEDC35D1F69EF1B00C27C36 /* LaunchScreen.storyboard */; };
		6D1709AB1F6A6AD000570746 /* Structure.framework in Frameworks */ = {isa = PBXBuildFile; fileRef = 6D1709AA1F6A6AD000570746 /* Structure.framework */; };
		6D36A6AA1F6FABD80033DCE4 /* HomeViewController.swift in Sources */ = {isa = PBXBuildFile; fileRef = 6D36A6A91F6FABD80033DCE4 /* HomeViewController.swift */; };
		6D4522591F8217CE004480F3 /* Logger.swift in Sources */ = {isa = PBXBuildFile; fileRef = 6D4522581F8217CE004480F3 /* Logger.swift */; };
		6DA2BAC51F822BBF004DEE36 /* Constants.swift in Sources */ = {isa = PBXBuildFile; fileRef = 6DA2BAC41F822BBF004DEE36 /* Constants.swift */; };
		6DA2BAC91F8357E5004DEE36 /* LivingBIM.xcdatamodeld in Sources */ = {isa = PBXBuildFile; fileRef = 6DA2BAC61F8357A8004DEE36 /* LivingBIM.xcdatamodeld */; };
		6DA2BACB1F837320004DEE36 /* Util.swift in Sources */ = {isa = PBXBuildFile; fileRef = 6DA2BACA1F837320004DEE36 /* Util.swift */; };
		6DA2BACD1F837DED004DEE36 /* HomeTableViewCell.swift in Sources */ = {isa = PBXBuildFile; fileRef = 6DA2BACC1F837DED004DEE36 /* HomeTableViewCell.swift */; };
/* End PBXBuildFile section */

/* Begin PBXFileReference section */
		2BE54D9B1F6A499400F2F424 /* libz.1.dylib */ = {isa = PBXFileReference; lastKnownFileType = "compiled.mach-o.dylib"; name = libz.1.dylib; path = ../../../../../../usr/lib/libz.1.dylib; sourceTree = "<group>"; };
		2BE54D9D1F6A49C900F2F424 /* ExternalAccessory.framework */ = {isa = PBXFileReference; lastKnownFileType = wrapper.framework; name = ExternalAccessory.framework; path = System/Library/Frameworks/ExternalAccessory.framework; sourceTree = SDKROOT; };
		2BE54D9F1F6A49D100F2F424 /* ImageIO.framework */ = {isa = PBXFileReference; lastKnownFileType = wrapper.framework; name = ImageIO.framework; path = System/Library/Frameworks/ImageIO.framework; sourceTree = SDKROOT; };
		2BE54DA11F6A49D700F2F424 /* Accelerate.framework */ = {isa = PBXFileReference; lastKnownFileType = wrapper.framework; name = Accelerate.framework; path = System/Library/Frameworks/Accelerate.framework; sourceTree = SDKROOT; };
		2BEDC3511F69EF1B00C27C36 /* LivingBIM.app */ = {isa = PBXFileReference; explicitFileType = wrapper.application; includeInIndex = 0; path = LivingBIM.app; sourceTree = BUILT_PRODUCTS_DIR; };
		2BEDC3541F69EF1B00C27C36 /* AppDelegate.swift */ = {isa = PBXFileReference; lastKnownFileType = sourcecode.swift; path = AppDelegate.swift; sourceTree = "<group>"; };
		2BEDC3561F69EF1B00C27C36 /* CaptureFrameViewController.swift */ = {isa = PBXFileReference; lastKnownFileType = sourcecode.swift; path = CaptureFrameViewController.swift; sourceTree = "<group>"; };
		2BEDC3591F69EF1B00C27C36 /* Base */ = {isa = PBXFileReference; lastKnownFileType = file.storyboard; name = Base; path = Base.lproj/Main.storyboard; sourceTree = "<group>"; };
		2BEDC35B1F69EF1B00C27C36 /* Assets.xcassets */ = {isa = PBXFileReference; lastKnownFileType = folder.assetcatalog; path = Assets.xcassets; sourceTree = "<group>"; };
		2BEDC35E1F69EF1B00C27C36 /* Base */ = {isa = PBXFileReference; lastKnownFileType = file.storyboard; name = Base; path = Base.lproj/LaunchScreen.storyboard; sourceTree = "<group>"; };
		2BEDC3601F69EF1B00C27C36 /* Info.plist */ = {isa = PBXFileReference; lastKnownFileType = text.plist.xml; path = Info.plist; sourceTree = "<group>"; };
		6D1709AA1F6A6AD000570746 /* Structure.framework */ = {isa = PBXFileReference; lastKnownFileType = wrapper.framework; path = Structure.framework; sourceTree = "<group>"; };
		6D1709AC1F6A6B2700570746 /* LivingBIM-Bridging-Header.h */ = {isa = PBXFileReference; fileEncoding = 4; lastKnownFileType = sourcecode.c.h; path = "LivingBIM-Bridging-Header.h"; sourceTree = "<group>"; };
		6D36A6A91F6FABD80033DCE4 /* HomeViewController.swift */ = {isa = PBXFileReference; lastKnownFileType = sourcecode.swift; path = HomeViewController.swift; sourceTree = "<group>"; };
		6D4522581F8217CE004480F3 /* Logger.swift */ = {isa = PBXFileReference; lastKnownFileType = sourcecode.swift; path = Logger.swift; sourceTree = "<group>"; };
		6DA2BAC41F822BBF004DEE36 /* Constants.swift */ = {isa = PBXFileReference; lastKnownFileType = sourcecode.swift; path = Constants.swift; sourceTree = "<group>"; };
		6DA2BAC71F8357A8004DEE36 /* LivingBIM.xcdatamodel */ = {isa = PBXFileReference; lastKnownFileType = wrapper.xcdatamodel; path = LivingBIM.xcdatamodel; sourceTree = "<group>"; };
		6DA2BACA1F837320004DEE36 /* Util.swift */ = {isa = PBXFileReference; lastKnownFileType = sourcecode.swift; path = Util.swift; sourceTree = "<group>"; };
		6DA2BACC1F837DED004DEE36 /* HomeTableViewCell.swift */ = {isa = PBXFileReference; lastKnownFileType = sourcecode.swift; path = HomeTableViewCell.swift; sourceTree = "<group>"; };
/* End PBXFileReference section */

/* Begin PBXFrameworksBuildPhase section */
		2BEDC34E1F69EF1B00C27C36 /* Frameworks */ = {
			isa = PBXFrameworksBuildPhase;
			buildActionMask = 2147483647;
			files = (
				6D1709AB1F6A6AD000570746 /* Structure.framework in Frameworks */,
				2BE54DA21F6A49D700F2F424 /* Accelerate.framework in Frameworks */,
				2BE54DA01F6A49D100F2F424 /* ImageIO.framework in Frameworks */,
				2BE54D9E1F6A49C900F2F424 /* ExternalAccessory.framework in Frameworks */,
				2BE54D9C1F6A499400F2F424 /* libz.1.dylib in Frameworks */,
			);
			runOnlyForDeploymentPostprocessing = 0;
		};
/* End PBXFrameworksBuildPhase section */

/* Begin PBXGroup section */
		2BC0482A1F69F35C00407536 /* Frameworks */ = {
			isa = PBXGroup;
			children = (
				6D1709AA1F6A6AD000570746 /* Structure.framework */,
				2BE54DA11F6A49D700F2F424 /* Accelerate.framework */,
				2BE54D9F1F6A49D100F2F424 /* ImageIO.framework */,
				2BE54D9D1F6A49C900F2F424 /* ExternalAccessory.framework */,
				2BE54D9B1F6A499400F2F424 /* libz.1.dylib */,
			);
			name = Frameworks;
			path = LivingBIM;
			sourceTree = "<group>";
		};
		2BEDC3481F69EF1B00C27C36 = {
			isa = PBXGroup;
			children = (
				2BC0482A1F69F35C00407536 /* Frameworks */,
				2BEDC3531F69EF1B00C27C36 /* LivingBIM */,
				2BEDC3521F69EF1B00C27C36 /* Products */,
			);
			sourceTree = "<group>";
		};
		2BEDC3521F69EF1B00C27C36 /* Products */ = {
			isa = PBXGroup;
			children = (
				2BEDC3511F69EF1B00C27C36 /* LivingBIM.app */,
			);
			name = Products;
			sourceTree = "<group>";
		};
		2BEDC3531F69EF1B00C27C36 /* LivingBIM */ = {
			isa = PBXGroup;
			children = (
				6D45225A1F8217F3004480F3 /* Home */,
				6DCE0A9E1F6FBA3D008EA942 /* Capture */,
				6DCE0A9F1F70E46D008EA942 /* Util */,
				2BEDC3541F69EF1B00C27C36 /* AppDelegate.swift */,
				6DA2BAC61F8357A8004DEE36 /* LivingBIM.xcdatamodeld */,
				2BEDC3581F69EF1B00C27C36 /* Main.storyboard */,
				2BEDC35B1F69EF1B00C27C36 /* Assets.xcassets */,
				2BEDC35D1F69EF1B00C27C36 /* LaunchScreen.storyboard */,
				2BEDC3601F69EF1B00C27C36 /* Info.plist */,
				6D1709AC1F6A6B2700570746 /* LivingBIM-Bridging-Header.h */,
			);
			path = LivingBIM;
			sourceTree = "<group>";
		};
		6D45225A1F8217F3004480F3 /* Home */ = {
			isa = PBXGroup;
			children = (
				6D36A6A91F6FABD80033DCE4 /* HomeViewController.swift */,
				6DA2BACC1F837DED004DEE36 /* HomeTableViewCell.swift */,
			);
			path = Home;
			sourceTree = "<group>";
		};
		6DCE0A9E1F6FBA3D008EA942 /* Capture */ = {
			isa = PBXGroup;
			children = (
				2BEDC3561F69EF1B00C27C36 /* CaptureFrameViewController.swift */,
			);
			path = Capture;
			sourceTree = "<group>";
		};
		6DCE0A9F1F70E46D008EA942 /* Util */ = {
			isa = PBXGroup;
			children = (
				6D4522581F8217CE004480F3 /* Logger.swift */,
				6DA2BAC41F822BBF004DEE36 /* Constants.swift */,
				6DA2BACA1F837320004DEE36 /* Util.swift */,
			);
			path = Util;
			sourceTree = "<group>";
		};
/* End PBXGroup section */

/* Begin PBXNativeTarget section */
		2BEDC3501F69EF1B00C27C36 /* LivingBIM */ = {
			isa = PBXNativeTarget;
			buildConfigurationList = 2BEDC3631F69EF1B00C27C36 /* Build configuration list for PBXNativeTarget "LivingBIM" */;
			buildPhases = (
				2BEDC34D1F69EF1B00C27C36 /* Sources */,
				2BEDC34E1F69EF1B00C27C36 /* Frameworks */,
				2BEDC34F1F69EF1B00C27C36 /* Resources */,
			);
			buildRules = (
			);
			dependencies = (
			);
			name = LivingBIM;
			productName = LivingBIM;
			productReference = 2BEDC3511F69EF1B00C27C36 /* LivingBIM.app */;
			productType = "com.apple.product-type.application";
		};
/* End PBXNativeTarget section */

/* Begin PBXProject section */
		2BEDC3491F69EF1B00C27C36 /* Project object */ = {
			isa = PBXProject;
			attributes = {
				LastSwiftUpdateCheck = 0830;
				LastUpgradeCheck = 0900;
				ORGANIZATIONNAME = CAEE;
				TargetAttributes = {
					2BEDC3501F69EF1B00C27C36 = {
						CreatedOnToolsVersion = 8.3.3;
						DevelopmentTeam = 92MEC287CA;
						LastSwiftMigration = 0830;
						ProvisioningStyle = Automatic;
					};
				};
			};
			buildConfigurationList = 2BEDC34C1F69EF1B00C27C36 /* Build configuration list for PBXProject "LivingBIM" */;
			compatibilityVersion = "Xcode 3.2";
			developmentRegion = English;
			hasScannedForEncodings = 0;
			knownRegions = (
				en,
				Base,
			);
			mainGroup = 2BEDC3481F69EF1B00C27C36;
			productRefGroup = 2BEDC3521F69EF1B00C27C36 /* Products */;
			projectDirPath = "";
			projectRoot = "";
			targets = (
				2BEDC3501F69EF1B00C27C36 /* LivingBIM */,
			);
		};
/* End PBXProject section */

/* Begin PBXResourcesBuildPhase section */
		2BEDC34F1F69EF1B00C27C36 /* Resources */ = {
			isa = PBXResourcesBuildPhase;
			buildActionMask = 2147483647;
			files = (
				2BEDC35F1F69EF1B00C27C36 /* LaunchScreen.storyboard in Resources */,
				2BEDC35C1F69EF1B00C27C36 /* Assets.xcassets in Resources */,
				2BEDC35A1F69EF1B00C27C36 /* Main.storyboard in Resources */,
			);
			runOnlyForDeploymentPostprocessing = 0;
		};
/* End PBXResourcesBuildPhase section */

/* Begin PBXSourcesBuildPhase section */
		2BEDC34D1F69EF1B00C27C36 /* Sources */ = {
			isa = PBXSourcesBuildPhase;
			buildActionMask = 2147483647;
			files = (
				6D4522591F8217CE004480F3 /* Logger.swift in Sources */,
				6DA2BAC51F822BBF004DEE36 /* Constants.swift in Sources */,
				2BEDC3571F69EF1B00C27C36 /* CaptureFrameViewController.swift in Sources */,
				6DA2BAC91F8357E5004DEE36 /* LivingBIM.xcdatamodeld in Sources */,
				6DA2BACB1F837320004DEE36 /* Util.swift in Sources */,
				2BEDC3551F69EF1B00C27C36 /* AppDelegate.swift in Sources */,
				6DA2BACD1F837DED004DEE36 /* HomeTableViewCell.swift in Sources */,
				6D36A6AA1F6FABD80033DCE4 /* HomeViewController.swift in Sources */,
			);
			runOnlyForDeploymentPostprocessing = 0;
		};
/* End PBXSourcesBuildPhase section */

/* Begin PBXVariantGroup section */
		2BEDC3581F69EF1B00C27C36 /* Main.storyboard */ = {
			isa = PBXVariantGroup;
			children = (
				2BEDC3591F69EF1B00C27C36 /* Base */,
			);
			name = Main.storyboard;
			sourceTree = "<group>";
			usesTabs = 0;
		};
		2BEDC35D1F69EF1B00C27C36 /* LaunchScreen.storyboard */ = {
			isa = PBXVariantGroup;
			children = (
				2BEDC35E1F69EF1B00C27C36 /* Base */,
			);
			name = LaunchScreen.storyboard;
			sourceTree = "<group>";
		};
/* End PBXVariantGroup section */

/* Begin XCBuildConfiguration section */
		2BEDC3611F69EF1B00C27C36 /* Debug */ = {
			isa = XCBuildConfiguration;
			buildSettings = {
				ALWAYS_SEARCH_USER_PATHS = NO;
				CLANG_ANALYZER_NONNULL = YES;
				CLANG_ANALYZER_NUMBER_OBJECT_CONVERSION = YES_AGGRESSIVE;
				CLANG_CXX_LANGUAGE_STANDARD = "gnu++0x";
				CLANG_CXX_LIBRARY = "libc++";
				CLANG_ENABLE_MODULES = YES;
				CLANG_ENABLE_OBJC_ARC = YES;
				CLANG_WARN_BLOCK_CAPTURE_AUTORELEASING = YES;
				CLANG_WARN_BOOL_CONVERSION = YES;
				CLANG_WARN_COMMA = YES;
				CLANG_WARN_CONSTANT_CONVERSION = YES;
				CLANG_WARN_DIRECT_OBJC_ISA_USAGE = YES_ERROR;
				CLANG_WARN_DOCUMENTATION_COMMENTS = YES;
				CLANG_WARN_EMPTY_BODY = YES;
				CLANG_WARN_ENUM_CONVERSION = YES;
				CLANG_WARN_INFINITE_RECURSION = YES;
				CLANG_WARN_INT_CONVERSION = YES;
				CLANG_WARN_NON_LITERAL_NULL_CONVERSION = YES;
				CLANG_WARN_OBJC_LITERAL_CONVERSION = YES;
				CLANG_WARN_OBJC_ROOT_CLASS = YES_ERROR;
				CLANG_WARN_RANGE_LOOP_ANALYSIS = YES;
				CLANG_WARN_STRICT_PROTOTYPES = YES;
				CLANG_WARN_SUSPICIOUS_MOVE = YES;
				CLANG_WARN_UNREACHABLE_CODE = YES;
				CLANG_WARN__DUPLICATE_METHOD_MATCH = YES;
				"CODE_SIGN_IDENTITY[sdk=iphoneos*]" = "iPhone Developer";
				COPY_PHASE_STRIP = NO;
				DEBUG_INFORMATION_FORMAT = dwarf;
				ENABLE_STRICT_OBJC_MSGSEND = YES;
				ENABLE_TESTABILITY = YES;
				GCC_C_LANGUAGE_STANDARD = gnu99;
				GCC_DYNAMIC_NO_PIC = NO;
				GCC_NO_COMMON_BLOCKS = YES;
				GCC_OPTIMIZATION_LEVEL = 0;
				GCC_PREPROCESSOR_DEFINITIONS = (
					"DEBUG=1",
					"$(inherited)",
				);
				GCC_WARN_64_TO_32_BIT_CONVERSION = YES;
				GCC_WARN_ABOUT_RETURN_TYPE = YES_ERROR;
				GCC_WARN_UNDECLARED_SELECTOR = YES;
				GCC_WARN_UNINITIALIZED_AUTOS = YES_AGGRESSIVE;
				GCC_WARN_UNUSED_FUNCTION = YES;
				GCC_WARN_UNUSED_VARIABLE = YES;
				HEADER_SEARCH_PATHS = "$(PROJECT_DIR)/Structure.framework/Headers";
				IPHONEOS_DEPLOYMENT_TARGET = 10.3;
				MTL_ENABLE_DEBUG_INFO = YES;
				ONLY_ACTIVE_ARCH = YES;
				OTHER_LDFLAGS = "-lc++";
				SDKROOT = iphoneos;
				SWIFT_ACTIVE_COMPILATION_CONDITIONS = DEBUG;
				SWIFT_OPTIMIZATION_LEVEL = "-Onone";
				TARGETED_DEVICE_FAMILY = "1,2";
			};
			name = Debug;
		};
		2BEDC3621F69EF1B00C27C36 /* Release */ = {
			isa = XCBuildConfiguration;
			buildSettings = {
				ALWAYS_SEARCH_USER_PATHS = NO;
				CLANG_ANALYZER_NONNULL = YES;
				CLANG_ANALYZER_NUMBER_OBJECT_CONVERSION = YES_AGGRESSIVE;
				CLANG_CXX_LANGUAGE_STANDARD = "gnu++0x";
				CLANG_CXX_LIBRARY = "libc++";
				CLANG_ENABLE_MODULES = YES;
				CLANG_ENABLE_OBJC_ARC = YES;
				CLANG_WARN_BLOCK_CAPTURE_AUTORELEASING = YES;
				CLANG_WARN_BOOL_CONVERSION = YES;
				CLANG_WARN_COMMA = YES;
				CLANG_WARN_CONSTANT_CONVERSION = YES;
				CLANG_WARN_DIRECT_OBJC_ISA_USAGE = YES_ERROR;
				CLANG_WARN_DOCUMENTATION_COMMENTS = YES;
				CLANG_WARN_EMPTY_BODY = YES;
				CLANG_WARN_ENUM_CONVERSION = YES;
				CLANG_WARN_INFINITE_RECURSION = YES;
				CLANG_WARN_INT_CONVERSION = YES;
				CLANG_WARN_NON_LITERAL_NULL_CONVERSION = YES;
				CLANG_WARN_OBJC_LITERAL_CONVERSION = YES;
				CLANG_WARN_OBJC_ROOT_CLASS = YES_ERROR;
				CLANG_WARN_RANGE_LOOP_ANALYSIS = YES;
				CLANG_WARN_STRICT_PROTOTYPES = YES;
				CLANG_WARN_SUSPICIOUS_MOVE = YES;
				CLANG_WARN_UNREACHABLE_CODE = YES;
				CLANG_WARN__DUPLICATE_METHOD_MATCH = YES;
				"CODE_SIGN_IDENTITY[sdk=iphoneos*]" = "iPhone Developer";
				COPY_PHASE_STRIP = NO;
				DEBUG_INFORMATION_FORMAT = "dwarf-with-dsym";
				ENABLE_NS_ASSERTIONS = NO;
				ENABLE_STRICT_OBJC_MSGSEND = YES;
				GCC_C_LANGUAGE_STANDARD = gnu99;
				GCC_NO_COMMON_BLOCKS = YES;
				GCC_WARN_64_TO_32_BIT_CONVERSION = YES;
				GCC_WARN_ABOUT_RETURN_TYPE = YES_ERROR;
				GCC_WARN_UNDECLARED_SELECTOR = YES;
				GCC_WARN_UNINITIALIZED_AUTOS = YES_AGGRESSIVE;
				GCC_WARN_UNUSED_FUNCTION = YES;
				GCC_WARN_UNUSED_VARIABLE = YES;
				HEADER_SEARCH_PATHS = "$(PROJECT_DIR)/Structure.framework/Headers";
				IPHONEOS_DEPLOYMENT_TARGET = 10.3;
				MTL_ENABLE_DEBUG_INFO = NO;
				OTHER_LDFLAGS = "-lc++";
				SDKROOT = iphoneos;
				SWIFT_OPTIMIZATION_LEVEL = "-Owholemodule";
				TARGETED_DEVICE_FAMILY = "1,2";
				VALIDATE_PRODUCT = YES;
			};
			name = Release;
		};
		2BEDC3641F69EF1B00C27C36 /* Debug */ = {
			isa = XCBuildConfiguration;
			buildSettings = {
				ASSETCATALOG_COMPILER_APPICON_NAME = AppIcon;
				CLANG_ENABLE_MODULES = YES;
				DEVELOPMENT_TEAM = 92MEC287CA;
				ENABLE_BITCODE = NO;
				FRAMEWORK_SEARCH_PATHS = (
					"$(inherited)",
					"$(PROJECT_DIR)/LivingBIM",
				);
				HEADER_SEARCH_PATHS = "$(PROJECT_DIR)/Structure.framework/Headers";
				INFOPLIST_FILE = LivingBIM/Info.plist;
				IPHONEOS_DEPLOYMENT_TARGET = 11.0;
				LD_RUNPATH_SEARCH_PATHS = "$(inherited) @executable_path/Frameworks";
				OTHER_LDFLAGS = "-lc++";
				PRODUCT_BUNDLE_IDENTIFIER = edu.utexas.caee.LivingBIM;
				PRODUCT_NAME = "$(TARGET_NAME)";
				SWIFT_OBJC_BRIDGING_HEADER = "LivingBIM/LivingBIM-Bridging-Header.h";
				SWIFT_OPTIMIZATION_LEVEL = "-Onone";
				SWIFT_VERSION = 3.0;
				TARGETED_DEVICE_FAMILY = "1,2";
			};
			name = Debug;
		};
		2BEDC3651F69EF1B00C27C36 /* Release */ = {
			isa = XCBuildConfiguration;
			buildSettings = {
				ASSETCATALOG_COMPILER_APPICON_NAME = AppIcon;
				CLANG_ENABLE_MODULES = YES;
				DEVELOPMENT_TEAM = 92MEC287CA;
				ENABLE_BITCODE = NO;
				FRAMEWORK_SEARCH_PATHS = (
					"$(inherited)",
					"$(PROJECT_DIR)/LivingBIM",
				);
				HEADER_SEARCH_PATHS = "$(PROJECT_DIR)/Structure.framework/Headers";
				INFOPLIST_FILE = LivingBIM/Info.plist;
				IPHONEOS_DEPLOYMENT_TARGET = 11.0;
				LD_RUNPATH_SEARCH_PATHS = "$(inherited) @executable_path/Frameworks";
				OTHER_LDFLAGS = "-lc++";
				PRODUCT_BUNDLE_IDENTIFIER = edu.utexas.caee.LivingBIM;
				PRODUCT_NAME = "$(TARGET_NAME)";
				SWIFT_OBJC_BRIDGING_HEADER = "LivingBIM/LivingBIM-Bridging-Header.h";
				SWIFT_VERSION = 3.0;
				TARGETED_DEVICE_FAMILY = "1,2";
			};
			name = Release;
		};
/* End XCBuildConfiguration section */

/* Begin XCConfigurationList section */
		2BEDC34C1F69EF1B00C27C36 /* Build configuration list for PBXProject "LivingBIM" */ = {
			isa = XCConfigurationList;
			buildConfigurations = (
				2BEDC3611F69EF1B00C27C36 /* Debug */,
				2BEDC3621F69EF1B00C27C36 /* Release */,
			);
			defaultConfigurationIsVisible = 0;
			defaultConfigurationName = Release;
		};
		2BEDC3631F69EF1B00C27C36 /* Build configuration list for PBXNativeTarget "LivingBIM" */ = {
			isa = XCConfigurationList;
			buildConfigurations = (
				2BEDC3641F69EF1B00C27C36 /* Debug */,
				2BEDC3651F69EF1B00C27C36 /* Release */,
			);
			defaultConfigurationIsVisible = 0;
			defaultConfigurationName = Release;
		};
/* End XCConfigurationList section */

/* Begin XCVersionGroup section */
		6DA2BAC61F8357A8004DEE36 /* LivingBIM.xcdatamodeld */ = {
			isa = XCVersionGroup;
			children = (
				6DA2BAC71F8357A8004DEE36 /* LivingBIM.xcdatamodel */,
			);
			currentVersion = 6DA2BAC71F8357A8004DEE36 /* LivingBIM.xcdatamodel */;
			path = LivingBIM.xcdatamodeld;
			sourceTree = "<group>";
			versionGroupType = wrapper.xcdatamodel;
		};
/* End XCVersionGroup section */
	};
	rootObject = 2BEDC3491F69EF1B00C27C36 /* Project object */;
}
