// !$*UTF8*$!
{
	archiveVersion = 1;
	classes = {
	};
	objectVersion = 46;
	objects = {

/* Begin PBXBuildFile section */
		2BE54D9C1F6A499400F2F424 /* libz.1.dylib in Frameworks */ = {isa = PBXBuildFile; fileRef = 2BE54D9B1F6A499400F2F424 /* libz.1.dylib */; };
		2BE54D9E1F6A49C900F2F424 /* ExternalAccessory.framework in Frameworks */ = {isa = PBXBuildFile; fileRef = 2BE54D9D1F6A49C900F2F424 /* ExternalAccessory.framework */; };
		2BE54DA01F6A49D100F2F424 /* ImageIO.framework in Frameworks */ = {isa = PBXBuildFile; fileRef = 2BE54D9F1F6A49D100F2F424 /* ImageIO.framework */; };
		2BE54DA21F6A49D700F2F424 /* Accelerate.framework in Frameworks */ = {isa = PBXBuildFile; fileRef = 2BE54DA11F6A49D700F2F424 /* Accelerate.framework */; };
		2BEDC3551F69EF1B00C27C36 /* AppDelegate.swift in Sources */ = {isa = PBXBuildFile; fileRef = 2BEDC3541F69EF1B00C27C36 /* AppDelegate.swift */; };
		2BEDC3571F69EF1B00C27C36 /* CaptureFrameViewController.swift in Sources */ = {isa = PBXBuildFile; fileRef = 2BEDC3561F69EF1B00C27C36 /* CaptureFrameViewController.swift */; };
		2BEDC35A1F69EF1B00C27C36 /* Main.storyboard in Resources */ = {isa = PBXBuildFile; fileRef = 2BEDC3581F69EF1B00C27C36 /* Main.storyboard */; };
		2BEDC35C1F69EF1B00C27C36 /* Assets.xcassets in Resources */ = {isa = PBXBuildFile; fileRef = 2BEDC35B1F69EF1B00C27C36 /* Assets.xcassets */; };
		2BEDC35F1F69EF1B00C27C36 /* LaunchScreen.storyboard in Resources */ = {isa = PBXBuildFile; fileRef = 2BEDC35D1F69EF1B00C27C36 /* LaunchScreen.storyboard */; };
		6D13726D1F9A89AE0052B3E9 /* SpinnerView.swift in Sources */ = {isa = PBXBuildFile; fileRef = 6D13726C1F9A89AE0052B3E9 /* SpinnerView.swift */; };
		6D1709AB1F6A6AD000570746 /* Structure.framework in Frameworks */ = {isa = PBXBuildFile; fileRef = 6D1709AA1F6A6AD000570746 /* Structure.framework */; };
		6D30438F1FA102C300154EA3 /* measurementTape.png in Resources */ = {isa = PBXBuildFile; fileRef = 6D30438E1FA102C300154EA3 /* measurementTape.png */; };
		6D36A6AA1F6FABD80033DCE4 /* HomeViewController.swift in Sources */ = {isa = PBXBuildFile; fileRef = 6D36A6A91F6FABD80033DCE4 /* HomeViewController.swift */; };
		6D39ED771FBAE1FE004AF52A /* BuildingPickerViewController.swift in Sources */ = {isa = PBXBuildFile; fileRef = 6D39ED761FBAE1FE004AF52A /* BuildingPickerViewController.swift */; };
		6D6761E91FB2E9CE00BEF3CE /* SettingsTableViewController.swift in Sources */ = {isa = PBXBuildFile; fileRef = 6D6761E81FB2E9CE00BEF3CE /* SettingsTableViewController.swift */; };
		6D6761EB1FB2EA9900BEF3CE /* Settings.swift in Sources */ = {isa = PBXBuildFile; fileRef = 6D6761EA1FB2EA9900BEF3CE /* Settings.swift */; };
		6D6761ED1FB2EB9C00BEF3CE /* SettingsTableViewCell.swift in Sources */ = {isa = PBXBuildFile; fileRef = 6D6761EC1FB2EB9C00BEF3CE /* SettingsTableViewCell.swift */; };
		6D7005961F9AB2BE00C7410E /* ViewController+SLAM.mm in Sources */ = {isa = PBXBuildFile; fileRef = 6D7005621F9AB2BB00C7410E /* ViewController+SLAM.mm */; };
		6D7005971F9AB2BE00C7410E /* GraphicsRenderer.mm in Sources */ = {isa = PBXBuildFile; fileRef = 6D7005641F9AB2BB00C7410E /* GraphicsRenderer.mm */; };
		6D7005981F9AB2BE00C7410E /* ViewpointController.mm in Sources */ = {isa = PBXBuildFile; fileRef = 6D7005671F9AB2BB00C7410E /* ViewpointController.mm */; };
		6D7005991F9AB2BE00C7410E /* CalibrationOverlay.mm in Sources */ = {isa = PBXBuildFile; fileRef = 6D7005691F9AB2BB00C7410E /* CalibrationOverlay.mm */; };
		6D70059B1F9AB2BE00C7410E /* MeshRenderer.mm in Sources */ = {isa = PBXBuildFile; fileRef = 6D70056B1F9AB2BB00C7410E /* MeshRenderer.mm */; };
		6D70059C1F9AB2BE00C7410E /* AppDelegate.mm in Sources */ = {isa = PBXBuildFile; fileRef = 6D70056D1F9AB2BB00C7410E /* AppDelegate.mm */; };
		6D70059D1F9AB2BE00C7410E /* calibration.png in Resources */ = {isa = PBXBuildFile; fileRef = 6D70056F1F9AB2BB00C7410E /* calibration.png */; };
		6D70059E1F9AB2BE00C7410E /* Default-568h@2x.png in Resources */ = {isa = PBXBuildFile; fileRef = 6D7005701F9AB2BB00C7410E /* Default-568h@2x.png */; };
		6D70059F1F9AB2BE00C7410E /* Default-Landscape@2x~ipad.png in Resources */ = {isa = PBXBuildFile; fileRef = 6D7005711F9AB2BB00C7410E /* Default-Landscape@2x~ipad.png */; };
		6D7005A01F9AB2BE00C7410E /* Default-Landscape~ipad.png in Resources */ = {isa = PBXBuildFile; fileRef = 6D7005721F9AB2BB00C7410E /* Default-Landscape~ipad.png */; };
		6D7005A11F9AB2BE00C7410E /* Default@2x.png in Resources */ = {isa = PBXBuildFile; fileRef = 6D7005731F9AB2BB00C7410E /* Default@2x.png */; };
		6D7005A21F9AB2BE00C7410E /* doneButton@2x.png in Resources */ = {isa = PBXBuildFile; fileRef = 6D7005741F9AB2BB00C7410E /* doneButton@2x.png */; };
		6D7005A31F9AB2BE00C7410E /* innerCircle@2x.png in Resources */ = {isa = PBXBuildFile; fileRef = 6D7005751F9AB2BB00C7410E /* innerCircle@2x.png */; };
		6D7005A51F9AB2BE00C7410E /* outerCircle@2x.png in Resources */ = {isa = PBXBuildFile; fileRef = 6D7005771F9AB2BB00C7410E /* outerCircle@2x.png */; };
		6D7005A61F9AB2BE00C7410E /* resetScanButton@2x.png in Resources */ = {isa = PBXBuildFile; fileRef = 6D7005781F9AB2BB00C7410E /* resetScanButton@2x.png */; };
		6D7005A71F9AB2BE00C7410E /* Splash.png in Resources */ = {isa = PBXBuildFile; fileRef = 6D7005791F9AB2BB00C7410E /* Splash.png */; };
		6D7005A81F9AB2BE00C7410E /* startScanButton@2x.png in Resources */ = {isa = PBXBuildFile; fileRef = 6D70057A1F9AB2BB00C7410E /* startScanButton@2x.png */; };
		6D7005A91F9AB2BE00C7410E /* ViewController.mm in Sources */ = {isa = PBXBuildFile; fileRef = 6D70057C1F9AB2BC00C7410E /* ViewController.mm */; };
		6D7005AA1F9AB2BE00C7410E /* ViewController+OpenGL.mm in Sources */ = {isa = PBXBuildFile; fileRef = 6D70057E1F9AB2BC00C7410E /* ViewController+OpenGL.mm */; };
		6D7005AB1F9AB2BE00C7410E /* ViewController+Sensor.mm in Sources */ = {isa = PBXBuildFile; fileRef = 6D70057F1F9AB2BC00C7410E /* ViewController+Sensor.mm */; };
		6D7005AD1F9AB2BE00C7410E /* ViewController+Camera.mm in Sources */ = {isa = PBXBuildFile; fileRef = 6D7005821F9AB2BC00C7410E /* ViewController+Camera.mm */; };
		6D7005AE1F9AB2BE00C7410E /* MeshViewController.mm in Sources */ = {isa = PBXBuildFile; fileRef = 6D7005831F9AB2BC00C7410E /* MeshViewController.mm */; };
		6D7005B01F9AB2BE00C7410E /* MeshView.xib in Resources */ = {isa = PBXBuildFile; fileRef = 6D7005861F9AB2BD00C7410E /* MeshView.xib */; };
		6D7005B11F9AB2BE00C7410E /* CustomShaders.mm in Sources */ = {isa = PBXBuildFile; fileRef = 6D7005871F9AB2BD00C7410E /* CustomShaders.mm */; };
		6D7005B21F9AB2BE00C7410E /* CustomUIKitStyles.mm in Sources */ = {isa = PBXBuildFile; fileRef = 6D7005881F9AB2BD00C7410E /* CustomUIKitStyles.mm */; };
		6D7005B31F9AB2BE00C7410E /* EAGLView.mm in Sources */ = {isa = PBXBuildFile; fileRef = 6D70058B1F9AB2BD00C7410E /* EAGLView.mm */; };
		6D7005B51F9AB2BE00C7410E /* ViewController_iPad.xib in Resources */ = {isa = PBXBuildFile; fileRef = 6D70058F1F9AB2BD00C7410E /* ViewController_iPad.xib */; };
		6D7005B61F9AB2BE00C7410E /* Joystick.mm in Sources */ = {isa = PBXBuildFile; fileRef = 6D7005921F9AB2BE00C7410E /* Joystick.mm */; };
		6D7005B71F9AB4A200C7410E /* MessageUI.framework in Frameworks */ = {isa = PBXBuildFile; fileRef = 6D7004F91F9AB0DC00C7410E /* MessageUI.framework */; };
		6D7005BA1FA0EE2A00C7410E /* Wrapper.mm in Sources */ = {isa = PBXBuildFile; fileRef = 6D7005B91FA0EE2A00C7410E /* Wrapper.mm */; };
		6DA2BAC51F822BBF004DEE36 /* Constants.swift in Sources */ = {isa = PBXBuildFile; fileRef = 6DA2BAC41F822BBF004DEE36 /* Constants.swift */; };
		6DA2BAC91F8357E5004DEE36 /* LivingBIM.xcdatamodeld in Sources */ = {isa = PBXBuildFile; fileRef = 6DA2BAC61F8357A8004DEE36 /* LivingBIM.xcdatamodeld */; };
		6DA2BACB1F837320004DEE36 /* Util.swift in Sources */ = {isa = PBXBuildFile; fileRef = 6DA2BACA1F837320004DEE36 /* Util.swift */; };
		6DA2BACD1F837DED004DEE36 /* HomeTableViewCell.swift in Sources */ = {isa = PBXBuildFile; fileRef = 6DA2BACC1F837DED004DEE36 /* HomeTableViewCell.swift */; };
		6DAEC0A21FBF9C3A00BEADE6 /* Building.swift in Sources */ = {isa = PBXBuildFile; fileRef = 6DAEC0A11FBF9C3A00BEADE6 /* Building.swift */; };
		6DD607011FCD627000A97717 /* Frame.swift in Sources */ = {isa = PBXBuildFile; fileRef = 6DD607001FCD627000A97717 /* Frame.swift */; };
		8F78E655890CCAEC4BAAABA8 /* Pods_LivingBIM.framework in Frameworks */ = {isa = PBXBuildFile; fileRef = 0CD143DCABF9F31645418B0E /* Pods_LivingBIM.framework */; };
/* End PBXBuildFile section */

/* Begin PBXFileReference section */
		03069959369C29F25A1B4D01 /* Pods-LivingBIM.release.xcconfig */ = {isa = PBXFileReference; includeInIndex = 1; lastKnownFileType = text.xcconfig; name = "Pods-LivingBIM.release.xcconfig"; path = "Pods/Target Support Files/Pods-LivingBIM/Pods-LivingBIM.release.xcconfig"; sourceTree = "<group>"; };
		0CD143DCABF9F31645418B0E /* Pods_LivingBIM.framework */ = {isa = PBXFileReference; explicitFileType = wrapper.framework; includeInIndex = 0; path = Pods_LivingBIM.framework; sourceTree = BUILT_PRODUCTS_DIR; };
		2BE54D9B1F6A499400F2F424 /* libz.1.dylib */ = {isa = PBXFileReference; lastKnownFileType = "compiled.mach-o.dylib"; name = libz.1.dylib; path = ../../../../../../usr/lib/libz.1.dylib; sourceTree = "<group>"; };
		2BE54D9D1F6A49C900F2F424 /* ExternalAccessory.framework */ = {isa = PBXFileReference; lastKnownFileType = wrapper.framework; name = ExternalAccessory.framework; path = System/Library/Frameworks/ExternalAccessory.framework; sourceTree = SDKROOT; };
		2BE54D9F1F6A49D100F2F424 /* ImageIO.framework */ = {isa = PBXFileReference; lastKnownFileType = wrapper.framework; name = ImageIO.framework; path = System/Library/Frameworks/ImageIO.framework; sourceTree = SDKROOT; };
		2BE54DA11F6A49D700F2F424 /* Accelerate.framework */ = {isa = PBXFileReference; lastKnownFileType = wrapper.framework; name = Accelerate.framework; path = System/Library/Frameworks/Accelerate.framework; sourceTree = SDKROOT; };
		2BEDC3511F69EF1B00C27C36 /* LivingBIM.app */ = {isa = PBXFileReference; explicitFileType = wrapper.application; includeInIndex = 0; path = LivingBIM.app; sourceTree = BUILT_PRODUCTS_DIR; };
		2BEDC3541F69EF1B00C27C36 /* AppDelegate.swift */ = {isa = PBXFileReference; lastKnownFileType = sourcecode.swift; path = AppDelegate.swift; sourceTree = "<group>"; };
		2BEDC3561F69EF1B00C27C36 /* CaptureFrameViewController.swift */ = {isa = PBXFileReference; lastKnownFileType = sourcecode.swift; path = CaptureFrameViewController.swift; sourceTree = "<group>"; };
		2BEDC3591F69EF1B00C27C36 /* Base */ = {isa = PBXFileReference; lastKnownFileType = file.storyboard; name = Base; path = Base.lproj/Main.storyboard; sourceTree = "<group>"; };
		2BEDC35B1F69EF1B00C27C36 /* Assets.xcassets */ = {isa = PBXFileReference; lastKnownFileType = folder.assetcatalog; path = Assets.xcassets; sourceTree = "<group>"; };
		2BEDC35E1F69EF1B00C27C36 /* Base */ = {isa = PBXFileReference; lastKnownFileType = file.storyboard; name = Base; path = Base.lproj/LaunchScreen.storyboard; sourceTree = "<group>"; };
		2BEDC3601F69EF1B00C27C36 /* Info.plist */ = {isa = PBXFileReference; lastKnownFileType = text.plist.xml; path = Info.plist; sourceTree = "<group>"; };
		6D13726C1F9A89AE0052B3E9 /* SpinnerView.swift */ = {isa = PBXFileReference; lastKnownFileType = sourcecode.swift; path = SpinnerView.swift; sourceTree = "<group>"; };
		6D1709AA1F6A6AD000570746 /* Structure.framework */ = {isa = PBXFileReference; lastKnownFileType = wrapper.framework; path = Structure.framework; sourceTree = "<group>"; };
		6D1709AC1F6A6B2700570746 /* LivingBIM-Bridging-Header.h */ = {isa = PBXFileReference; fileEncoding = 4; lastKnownFileType = sourcecode.c.h; path = "LivingBIM-Bridging-Header.h"; sourceTree = "<group>"; };
		6D30438E1FA102C300154EA3 /* measurementTape.png */ = {isa = PBXFileReference; lastKnownFileType = image.png; path = measurementTape.png; sourceTree = "<group>"; };
		6D36A6A91F6FABD80033DCE4 /* HomeViewController.swift */ = {isa = PBXFileReference; lastKnownFileType = sourcecode.swift; path = HomeViewController.swift; sourceTree = "<group>"; };
		6D39ED761FBAE1FE004AF52A /* BuildingPickerViewController.swift */ = {isa = PBXFileReference; lastKnownFileType = sourcecode.swift; path = BuildingPickerViewController.swift; sourceTree = "<group>"; };
		6D6761E81FB2E9CE00BEF3CE /* SettingsTableViewController.swift */ = {isa = PBXFileReference; lastKnownFileType = sourcecode.swift; path = SettingsTableViewController.swift; sourceTree = "<group>"; };
		6D6761EA1FB2EA9900BEF3CE /* Settings.swift */ = {isa = PBXFileReference; lastKnownFileType = sourcecode.swift; path = Settings.swift; sourceTree = "<group>"; };
		6D6761EC1FB2EB9C00BEF3CE /* SettingsTableViewCell.swift */ = {isa = PBXFileReference; lastKnownFileType = sourcecode.swift; path = SettingsTableViewCell.swift; sourceTree = "<group>"; };
		6D7004F81F9AB0D600C7410E /* Metal.framework */ = {isa = PBXFileReference; lastKnownFileType = wrapper.framework; name = Metal.framework; path = System/Library/Frameworks/Metal.framework; sourceTree = SDKROOT; };
		6D7004F91F9AB0DC00C7410E /* MessageUI.framework */ = {isa = PBXFileReference; lastKnownFileType = wrapper.framework; name = MessageUI.framework; path = System/Library/Frameworks/MessageUI.framework; sourceTree = SDKROOT; };
		6D7004FA1F9AB0E200C7410E /* CoreImage.framework */ = {isa = PBXFileReference; lastKnownFileType = wrapper.framework; name = CoreImage.framework; path = System/Library/Frameworks/CoreImage.framework; sourceTree = SDKROOT; };
		6D7004FB1F9AB0EF00C7410E /* CoreMotion.framework */ = {isa = PBXFileReference; lastKnownFileType = wrapper.framework; name = CoreMotion.framework; path = System/Library/Frameworks/CoreMotion.framework; sourceTree = SDKROOT; };
		6D7004FC1F9AB10500C7410E /* CoreGraphics.framework */ = {isa = PBXFileReference; lastKnownFileType = wrapper.framework; name = CoreGraphics.framework; path = System/Library/Frameworks/CoreGraphics.framework; sourceTree = SDKROOT; };
		6D7004FD1F9AB10B00C7410E /* CoreMedia.framework */ = {isa = PBXFileReference; lastKnownFileType = wrapper.framework; name = CoreMedia.framework; path = System/Library/Frameworks/CoreMedia.framework; sourceTree = SDKROOT; };
		6D7004FE1F9AB11100C7410E /* CoreVideo.framework */ = {isa = PBXFileReference; lastKnownFileType = wrapper.framework; name = CoreVideo.framework; path = System/Library/Frameworks/CoreVideo.framework; sourceTree = SDKROOT; };
		6D7004FF1F9AB11500C7410E /* QuartzCore.framework */ = {isa = PBXFileReference; lastKnownFileType = wrapper.framework; name = QuartzCore.framework; path = System/Library/Frameworks/QuartzCore.framework; sourceTree = SDKROOT; };
		6D7005001F9AB11C00C7410E /* AVFoundation.framework */ = {isa = PBXFileReference; lastKnownFileType = wrapper.framework; name = AVFoundation.framework; path = System/Library/Frameworks/AVFoundation.framework; sourceTree = SDKROOT; };
		6D7005011F9AB12100C7410E /* Foundation.framework */ = {isa = PBXFileReference; lastKnownFileType = wrapper.framework; name = Foundation.framework; path = System/Library/Frameworks/Foundation.framework; sourceTree = SDKROOT; };
		6D7005021F9AB12700C7410E /* UIKit.framework */ = {isa = PBXFileReference; lastKnownFileType = wrapper.framework; name = UIKit.framework; path = System/Library/Frameworks/UIKit.framework; sourceTree = SDKROOT; };
		6D7005031F9AB12B00C7410E /* OpenGLES.framework */ = {isa = PBXFileReference; lastKnownFileType = wrapper.framework; name = OpenGLES.framework; path = System/Library/Frameworks/OpenGLES.framework; sourceTree = SDKROOT; };
		6D70055F1F9AB2BB00C7410E /* EAGLView.h */ = {isa = PBXFileReference; fileEncoding = 4; lastKnownFileType = sourcecode.c.h; name = EAGLView.h; path = "../../../../Structure SDK/Samples/RoomCapture/EAGLView.h"; sourceTree = "<group>"; };
		6D7005601F9AB2BB00C7410E /* Joystick.h */ = {isa = PBXFileReference; fileEncoding = 4; lastKnownFileType = sourcecode.c.h; name = Joystick.h; path = "../../../../Structure SDK/Samples/RoomCapture/Joystick.h"; sourceTree = "<group>"; };
		6D7005621F9AB2BB00C7410E /* ViewController+SLAM.mm */ = {isa = PBXFileReference; fileEncoding = 4; lastKnownFileType = sourcecode.cpp.objcpp; name = "ViewController+SLAM.mm"; path = "../../../../Structure SDK/Samples/RoomCapture/ViewController+SLAM.mm"; sourceTree = "<group>"; };
		6D7005631F9AB2BB00C7410E /* CalibrationOverlay.h */ = {isa = PBXFileReference; fileEncoding = 4; lastKnownFileType = sourcecode.c.h; name = CalibrationOverlay.h; path = "../../../../Structure SDK/Samples/RoomCapture/CalibrationOverlay.h"; sourceTree = "<group>"; };
		6D7005641F9AB2BB00C7410E /* GraphicsRenderer.mm */ = {isa = PBXFileReference; fileEncoding = 4; lastKnownFileType = sourcecode.cpp.objcpp; name = GraphicsRenderer.mm; path = "../../../../Structure SDK/Samples/RoomCapture/GraphicsRenderer.mm"; sourceTree = "<group>"; };
		6D7005651F9AB2BB00C7410E /* ViewController+Sensor.h */ = {isa = PBXFileReference; fileEncoding = 4; lastKnownFileType = sourcecode.c.h; name = "ViewController+Sensor.h"; path = "../../../../Structure SDK/Samples/RoomCapture/ViewController+Sensor.h"; sourceTree = "<group>"; };
		6D7005661F9AB2BB00C7410E /* ViewController+Camera.h */ = {isa = PBXFileReference; fileEncoding = 4; lastKnownFileType = sourcecode.c.h; name = "ViewController+Camera.h"; path = "../../../../Structure SDK/Samples/RoomCapture/ViewController+Camera.h"; sourceTree = "<group>"; };
		6D7005671F9AB2BB00C7410E /* ViewpointController.mm */ = {isa = PBXFileReference; fileEncoding = 4; lastKnownFileType = sourcecode.cpp.objcpp; name = ViewpointController.mm; path = "../../../../Structure SDK/Samples/RoomCapture/ViewpointController.mm"; sourceTree = "<group>"; };
		6D7005681F9AB2BB00C7410E /* AppDelegate.h */ = {isa = PBXFileReference; fileEncoding = 4; lastKnownFileType = sourcecode.c.h; name = AppDelegate.h; path = "../../../../Structure SDK/Samples/RoomCapture/AppDelegate.h"; sourceTree = "<group>"; };
		6D7005691F9AB2BB00C7410E /* CalibrationOverlay.mm */ = {isa = PBXFileReference; fileEncoding = 4; lastKnownFileType = sourcecode.cpp.objcpp; name = CalibrationOverlay.mm; path = "../../../../Structure SDK/Samples/RoomCapture/CalibrationOverlay.mm"; sourceTree = "<group>"; };
		6D70056A1F9AB2BB00C7410E /* measurementTape.png */ = {isa = PBXFileReference; lastKnownFileType = image.png; name = measurementTape.png; path = "../../../../Structure SDK/Samples/RoomCapture/measurementTape.png"; sourceTree = "<group>"; };
		6D70056B1F9AB2BB00C7410E /* MeshRenderer.mm */ = {isa = PBXFileReference; fileEncoding = 4; lastKnownFileType = sourcecode.cpp.objcpp; name = MeshRenderer.mm; path = "../../../../Structure SDK/Samples/RoomCapture/MeshRenderer.mm"; sourceTree = "<group>"; };
		6D70056C1F9AB2BB00C7410E /* MeshViewController.h */ = {isa = PBXFileReference; fileEncoding = 4; lastKnownFileType = sourcecode.c.h; name = MeshViewController.h; path = "../../../../Structure SDK/Samples/RoomCapture/MeshViewController.h"; sourceTree = "<group>"; };
		6D70056D1F9AB2BB00C7410E /* AppDelegate.mm */ = {isa = PBXFileReference; fileEncoding = 4; lastKnownFileType = sourcecode.cpp.objcpp; name = AppDelegate.mm; path = "../../../../Structure SDK/Samples/RoomCapture/AppDelegate.mm"; sourceTree = "<group>"; };
		6D70056F1F9AB2BB00C7410E /* calibration.png */ = {isa = PBXFileReference; lastKnownFileType = image.png; path = calibration.png; sourceTree = "<group>"; };
		6D7005701F9AB2BB00C7410E /* Default-568h@2x.png */ = {isa = PBXFileReference; lastKnownFileType = image.png; path = "Default-568h@2x.png"; sourceTree = "<group>"; };
		6D7005711F9AB2BB00C7410E /* Default-Landscape@2x~ipad.png */ = {isa = PBXFileReference; lastKnownFileType = image.png; path = "Default-Landscape@2x~ipad.png"; sourceTree = "<group>"; };
		6D7005721F9AB2BB00C7410E /* Default-Landscape~ipad.png */ = {isa = PBXFileReference; lastKnownFileType = image.png; path = "Default-Landscape~ipad.png"; sourceTree = "<group>"; };
		6D7005731F9AB2BB00C7410E /* Default@2x.png */ = {isa = PBXFileReference; lastKnownFileType = image.png; path = "Default@2x.png"; sourceTree = "<group>"; };
		6D7005741F9AB2BB00C7410E /* doneButton@2x.png */ = {isa = PBXFileReference; lastKnownFileType = image.png; path = "doneButton@2x.png"; sourceTree = "<group>"; };
		6D7005751F9AB2BB00C7410E /* innerCircle@2x.png */ = {isa = PBXFileReference; lastKnownFileType = image.png; path = "innerCircle@2x.png"; sourceTree = "<group>"; };
		6D7005771F9AB2BB00C7410E /* outerCircle@2x.png */ = {isa = PBXFileReference; lastKnownFileType = image.png; path = "outerCircle@2x.png"; sourceTree = "<group>"; };
		6D7005781F9AB2BB00C7410E /* resetScanButton@2x.png */ = {isa = PBXFileReference; lastKnownFileType = image.png; path = "resetScanButton@2x.png"; sourceTree = "<group>"; };
		6D7005791F9AB2BB00C7410E /* Splash.png */ = {isa = PBXFileReference; lastKnownFileType = image.png; path = Splash.png; sourceTree = "<group>"; };
		6D70057A1F9AB2BB00C7410E /* startScanButton@2x.png */ = {isa = PBXFileReference; lastKnownFileType = image.png; path = "startScanButton@2x.png"; sourceTree = "<group>"; };
		6D70057B1F9AB2BC00C7410E /* ViewController.h */ = {isa = PBXFileReference; fileEncoding = 4; lastKnownFileType = sourcecode.c.h; name = ViewController.h; path = "../../../../Structure SDK/Samples/RoomCapture/ViewController.h"; sourceTree = "<group>"; };
		6D70057C1F9AB2BC00C7410E /* ViewController.mm */ = {isa = PBXFileReference; fileEncoding = 4; lastKnownFileType = sourcecode.cpp.objcpp; name = ViewController.mm; path = "../../../../Structure SDK/Samples/RoomCapture/ViewController.mm"; sourceTree = "<group>"; };
		6D70057D1F9AB2BC00C7410E /* ViewController+OpenGL.h */ = {isa = PBXFileReference; fileEncoding = 4; lastKnownFileType = sourcecode.c.h; name = "ViewController+OpenGL.h"; path = "../../../../Structure SDK/Samples/RoomCapture/ViewController+OpenGL.h"; sourceTree = "<group>"; };
		6D70057E1F9AB2BC00C7410E /* ViewController+OpenGL.mm */ = {isa = PBXFileReference; fileEncoding = 4; lastKnownFileType = sourcecode.cpp.objcpp; name = "ViewController+OpenGL.mm"; path = "../../../../Structure SDK/Samples/RoomCapture/ViewController+OpenGL.mm"; sourceTree = "<group>"; };
		6D70057F1F9AB2BC00C7410E /* ViewController+Sensor.mm */ = {isa = PBXFileReference; fileEncoding = 4; lastKnownFileType = sourcecode.cpp.objcpp; name = "ViewController+Sensor.mm"; path = "../../../../Structure SDK/Samples/RoomCapture/ViewController+Sensor.mm"; sourceTree = "<group>"; };
		6D7005811F9AB2BC00C7410E /* CustomShaders.h */ = {isa = PBXFileReference; fileEncoding = 4; lastKnownFileType = sourcecode.c.h; name = CustomShaders.h; path = "../../../../Structure SDK/Samples/RoomCapture/CustomShaders.h"; sourceTree = "<group>"; };
		6D7005821F9AB2BC00C7410E /* ViewController+Camera.mm */ = {isa = PBXFileReference; fileEncoding = 4; lastKnownFileType = sourcecode.cpp.objcpp; name = "ViewController+Camera.mm"; path = "../../../../Structure SDK/Samples/RoomCapture/ViewController+Camera.mm"; sourceTree = "<group>"; };
		6D7005831F9AB2BC00C7410E /* MeshViewController.mm */ = {isa = PBXFileReference; fileEncoding = 4; lastKnownFileType = sourcecode.cpp.objcpp; name = MeshViewController.mm; path = "../../../../Structure SDK/Samples/RoomCapture/MeshViewController.mm"; sourceTree = "<group>"; };
		6D7005851F9AB2BD00C7410E /* RoomCapture-Prefix.pch */ = {isa = PBXFileReference; fileEncoding = 4; lastKnownFileType = sourcecode.c.h; name = "RoomCapture-Prefix.pch"; path = "../../../../Structure SDK/Samples/RoomCapture/RoomCapture-Prefix.pch"; sourceTree = "<group>"; };
		6D7005861F9AB2BD00C7410E /* MeshView.xib */ = {isa = PBXFileReference; fileEncoding = 4; lastKnownFileType = file.xib; name = MeshView.xib; path = "../../../../Structure SDK/Samples/RoomCapture/MeshView.xib"; sourceTree = "<group>"; };
		6D7005871F9AB2BD00C7410E /* CustomShaders.mm */ = {isa = PBXFileReference; fileEncoding = 4; lastKnownFileType = sourcecode.cpp.objcpp; name = CustomShaders.mm; path = "../../../../Structure SDK/Samples/RoomCapture/CustomShaders.mm"; sourceTree = "<group>"; };
		6D7005881F9AB2BD00C7410E /* CustomUIKitStyles.mm */ = {isa = PBXFileReference; fileEncoding = 4; lastKnownFileType = sourcecode.cpp.objcpp; name = CustomUIKitStyles.mm; path = "../../../../Structure SDK/Samples/RoomCapture/CustomUIKitStyles.mm"; sourceTree = "<group>"; };
		6D7005891F9AB2BD00C7410E /* CustomUIKitStyles.h */ = {isa = PBXFileReference; fileEncoding = 4; lastKnownFileType = sourcecode.c.h; name = CustomUIKitStyles.h; path = "../../../../Structure SDK/Samples/RoomCapture/CustomUIKitStyles.h"; sourceTree = "<group>"; };
		6D70058A1F9AB2BD00C7410E /* MeshRenderer.h */ = {isa = PBXFileReference; fileEncoding = 4; lastKnownFileType = sourcecode.c.h; name = MeshRenderer.h; path = "../../../../Structure SDK/Samples/RoomCapture/MeshRenderer.h"; sourceTree = "<group>"; };
		6D70058B1F9AB2BD00C7410E /* EAGLView.mm */ = {isa = PBXFileReference; fileEncoding = 4; lastKnownFileType = sourcecode.cpp.objcpp; name = EAGLView.mm; path = "../../../../Structure SDK/Samples/RoomCapture/EAGLView.mm"; sourceTree = "<group>"; };
		6D7005901F9AB2BD00C7410E /* en */ = {isa = PBXFileReference; lastKnownFileType = file.xib; name = en; path = ViewController_iPad.xib; sourceTree = "<group>"; };
		6D7005911F9AB2BE00C7410E /* GraphicsRenderer.h */ = {isa = PBXFileReference; fileEncoding = 4; lastKnownFileType = sourcecode.c.h; name = GraphicsRenderer.h; path = "../../../../Structure SDK/Samples/RoomCapture/GraphicsRenderer.h"; sourceTree = "<group>"; };
		6D7005921F9AB2BE00C7410E /* Joystick.mm */ = {isa = PBXFileReference; fileEncoding = 4; lastKnownFileType = sourcecode.cpp.objcpp; name = Joystick.mm; path = "../../../../Structure SDK/Samples/RoomCapture/Joystick.mm"; sourceTree = "<group>"; };
		6D7005931F9AB2BE00C7410E /* ViewController+SLAM.h */ = {isa = PBXFileReference; fileEncoding = 4; lastKnownFileType = sourcecode.c.h; name = "ViewController+SLAM.h"; path = "../../../../Structure SDK/Samples/RoomCapture/ViewController+SLAM.h"; sourceTree = "<group>"; };
		6D7005941F9AB2BE00C7410E /* ViewpointController.h */ = {isa = PBXFileReference; fileEncoding = 4; lastKnownFileType = sourcecode.c.h; name = ViewpointController.h; path = "../../../../Structure SDK/Samples/RoomCapture/ViewpointController.h"; sourceTree = "<group>"; };
		6D7005B81FA0EDDA00C7410E /* Wrapper.h */ = {isa = PBXFileReference; lastKnownFileType = sourcecode.c.h; path = Wrapper.h; sourceTree = "<group>"; };
		6D7005B91FA0EE2A00C7410E /* Wrapper.mm */ = {isa = PBXFileReference; lastKnownFileType = sourcecode.cpp.objcpp; path = Wrapper.mm; sourceTree = "<group>"; };
		6DA2BAC41F822BBF004DEE36 /* Constants.swift */ = {isa = PBXFileReference; lastKnownFileType = sourcecode.swift; path = Constants.swift; sourceTree = "<group>"; };
		6DA2BAC71F8357A8004DEE36 /* LivingBIM.xcdatamodel */ = {isa = PBXFileReference; lastKnownFileType = wrapper.xcdatamodel; path = LivingBIM.xcdatamodel; sourceTree = "<group>"; };
		6DA2BACA1F837320004DEE36 /* Util.swift */ = {isa = PBXFileReference; lastKnownFileType = sourcecode.swift; path = Util.swift; sourceTree = "<group>"; };
		6DA2BACC1F837DED004DEE36 /* HomeTableViewCell.swift */ = {isa = PBXFileReference; lastKnownFileType = sourcecode.swift; path = HomeTableViewCell.swift; sourceTree = "<group>"; };
		6DAEC0A11FBF9C3A00BEADE6 /* Building.swift */ = {isa = PBXFileReference; lastKnownFileType = sourcecode.swift; path = Building.swift; sourceTree = "<group>"; };
		6DD607001FCD627000A97717 /* Frame.swift */ = {isa = PBXFileReference; lastKnownFileType = sourcecode.swift; path = Frame.swift; sourceTree = "<group>"; };
		74A8FD7DD900B0003922583E /* Pods-LivingBIM.debug.xcconfig */ = {isa = PBXFileReference; includeInIndex = 1; lastKnownFileType = text.xcconfig; name = "Pods-LivingBIM.debug.xcconfig"; path = "Pods/Target Support Files/Pods-LivingBIM/Pods-LivingBIM.debug.xcconfig"; sourceTree = "<group>"; };
/* End PBXFileReference section */

/* Begin PBXFrameworksBuildPhase section */
		2BEDC34E1F69EF1B00C27C36 /* Frameworks */ = {
			isa = PBXFrameworksBuildPhase;
			buildActionMask = 2147483647;
			files = (
				6D7005B71F9AB4A200C7410E /* MessageUI.framework in Frameworks */,
				6D1709AB1F6A6AD000570746 /* Structure.framework in Frameworks */,
				2BE54DA21F6A49D700F2F424 /* Accelerate.framework in Frameworks */,
				2BE54DA01F6A49D100F2F424 /* ImageIO.framework in Frameworks */,
				2BE54D9E1F6A49C900F2F424 /* ExternalAccessory.framework in Frameworks */,
				2BE54D9C1F6A499400F2F424 /* libz.1.dylib in Frameworks */,
				8F78E655890CCAEC4BAAABA8 /* Pods_LivingBIM.framework in Frameworks */,
			);
			runOnlyForDeploymentPostprocessing = 0;
		};
/* End PBXFrameworksBuildPhase section */

/* Begin PBXGroup section */
		2BC0482A1F69F35C00407536 /* Frameworks */ = {
			isa = PBXGroup;
			children = (
				6D7005031F9AB12B00C7410E /* OpenGLES.framework */,
				6D7005021F9AB12700C7410E /* UIKit.framework */,
				6D7005011F9AB12100C7410E /* Foundation.framework */,
				6D7005001F9AB11C00C7410E /* AVFoundation.framework */,
				6D7004FF1F9AB11500C7410E /* QuartzCore.framework */,
				6D7004FE1F9AB11100C7410E /* CoreVideo.framework */,
				6D7004FD1F9AB10B00C7410E /* CoreMedia.framework */,
				6D7004FC1F9AB10500C7410E /* CoreGraphics.framework */,
				6D7004FB1F9AB0EF00C7410E /* CoreMotion.framework */,
				6D7004FA1F9AB0E200C7410E /* CoreImage.framework */,
				6D7004F91F9AB0DC00C7410E /* MessageUI.framework */,
				6D7004F81F9AB0D600C7410E /* Metal.framework */,
				6D1709AA1F6A6AD000570746 /* Structure.framework */,
				2BE54DA11F6A49D700F2F424 /* Accelerate.framework */,
				2BE54D9F1F6A49D100F2F424 /* ImageIO.framework */,
				2BE54D9D1F6A49C900F2F424 /* ExternalAccessory.framework */,
				2BE54D9B1F6A499400F2F424 /* libz.1.dylib */,
				0CD143DCABF9F31645418B0E /* Pods_LivingBIM.framework */,
			);
			name = Frameworks;
			path = LivingBIM;
			sourceTree = "<group>";
		};
		2BEDC3481F69EF1B00C27C36 = {
			isa = PBXGroup;
			children = (
				2BC0482A1F69F35C00407536 /* Frameworks */,
				2BEDC3531F69EF1B00C27C36 /* LivingBIM */,
				2BEDC3521F69EF1B00C27C36 /* Products */,
				775036790D52B530F477EEAC /* Pods */,
			);
			sourceTree = "<group>";
		};
		2BEDC3521F69EF1B00C27C36 /* Products */ = {
			isa = PBXGroup;
			children = (
				2BEDC3511F69EF1B00C27C36 /* LivingBIM.app */,
			);
			name = Products;
			sourceTree = "<group>";
		};
		2BEDC3531F69EF1B00C27C36 /* LivingBIM */ = {
			isa = PBXGroup;
			children = (
				6D6761E71FB2E3FA00BEF3CE /* Settings */,
				6D45225A1F8217F3004480F3 /* Home */,
				6DCE0A9E1F6FBA3D008EA942 /* Capture */,
				6DCE0A9F1F70E46D008EA942 /* Util */,
				2BEDC3541F69EF1B00C27C36 /* AppDelegate.swift */,
				6D7005B81FA0EDDA00C7410E /* Wrapper.h */,
				6D7005B91FA0EE2A00C7410E /* Wrapper.mm */,
				6DA2BAC61F8357A8004DEE36 /* LivingBIM.xcdatamodeld */,
				2BEDC3581F69EF1B00C27C36 /* Main.storyboard */,
				2BEDC35B1F69EF1B00C27C36 /* Assets.xcassets */,
				2BEDC35D1F69EF1B00C27C36 /* LaunchScreen.storyboard */,
				2BEDC3601F69EF1B00C27C36 /* Info.plist */,
				6D1709AC1F6A6B2700570746 /* LivingBIM-Bridging-Header.h */,
			);
			path = LivingBIM;
			sourceTree = "<group>";
		};
		6D45225A1F8217F3004480F3 /* Home */ = {
			isa = PBXGroup;
			children = (
				6D36A6A91F6FABD80033DCE4 /* HomeViewController.swift */,
				6DA2BACC1F837DED004DEE36 /* HomeTableViewCell.swift */,
			);
			path = Home;
			sourceTree = "<group>";
		};
		6D6761E71FB2E3FA00BEF3CE /* Settings */ = {
			isa = PBXGroup;
			children = (
				6D6761E81FB2E9CE00BEF3CE /* SettingsTableViewController.swift */,
				6D6761EA1FB2EA9900BEF3CE /* Settings.swift */,
				6D6761EC1FB2EB9C00BEF3CE /* SettingsTableViewCell.swift */,
				6D39ED761FBAE1FE004AF52A /* BuildingPickerViewController.swift */,
				6DAEC0A11FBF9C3A00BEADE6 /* Building.swift */,
				6DD607001FCD627000A97717 /* Frame.swift */,
			);
			path = Settings;
			sourceTree = "<group>";
		};
		6D7005041F9AB16300C7410E /* Model */ = {
			isa = PBXGroup;
			children = (
				6D7005681F9AB2BB00C7410E /* AppDelegate.h */,
				6D70056D1F9AB2BB00C7410E /* AppDelegate.mm */,
				6D7005631F9AB2BB00C7410E /* CalibrationOverlay.h */,
				6D7005691F9AB2BB00C7410E /* CalibrationOverlay.mm */,
				6D7005811F9AB2BC00C7410E /* CustomShaders.h */,
				6D7005871F9AB2BD00C7410E /* CustomShaders.mm */,
				6D7005891F9AB2BD00C7410E /* CustomUIKitStyles.h */,
				6D7005881F9AB2BD00C7410E /* CustomUIKitStyles.mm */,
				6D70055F1F9AB2BB00C7410E /* EAGLView.h */,
				6D70058B1F9AB2BD00C7410E /* EAGLView.mm */,
				6D70058C1F9AB2BD00C7410E /* en.lproj */,
				6D70056E1F9AB2BB00C7410E /* Graphics */,
				6D7005911F9AB2BE00C7410E /* GraphicsRenderer.h */,
				6D7005641F9AB2BB00C7410E /* GraphicsRenderer.mm */,
				6D7005601F9AB2BB00C7410E /* Joystick.h */,
				6D7005921F9AB2BE00C7410E /* Joystick.mm */,
				6D70056A1F9AB2BB00C7410E /* measurementTape.png */,
				6D70058A1F9AB2BD00C7410E /* MeshRenderer.h */,
				6D70056B1F9AB2BB00C7410E /* MeshRenderer.mm */,
				6D7005861F9AB2BD00C7410E /* MeshView.xib */,
				6D70056C1F9AB2BB00C7410E /* MeshViewController.h */,
				6D7005831F9AB2BC00C7410E /* MeshViewController.mm */,
				6D7005851F9AB2BD00C7410E /* RoomCapture-Prefix.pch */,
				6D70057B1F9AB2BC00C7410E /* ViewController.h */,
				6D70057C1F9AB2BC00C7410E /* ViewController.mm */,
				6D7005661F9AB2BB00C7410E /* ViewController+Camera.h */,
				6D7005821F9AB2BC00C7410E /* ViewController+Camera.mm */,
				6D70057D1F9AB2BC00C7410E /* ViewController+OpenGL.h */,
				6D70057E1F9AB2BC00C7410E /* ViewController+OpenGL.mm */,
				6D7005651F9AB2BB00C7410E /* ViewController+Sensor.h */,
				6D70057F1F9AB2BC00C7410E /* ViewController+Sensor.mm */,
				6D7005931F9AB2BE00C7410E /* ViewController+SLAM.h */,
				6D7005621F9AB2BB00C7410E /* ViewController+SLAM.mm */,
				6D7005941F9AB2BE00C7410E /* ViewpointController.h */,
				6D7005671F9AB2BB00C7410E /* ViewpointController.mm */,
			);
			path = Model;
			sourceTree = "<group>";
		};
		6D7005061F9AB16E00C7410E /* Frame */ = {
			isa = PBXGroup;
			children = (
				2BEDC3561F69EF1B00C27C36 /* CaptureFrameViewController.swift */,
			);
			path = Frame;
			sourceTree = "<group>";
		};
		6D70056E1F9AB2BB00C7410E /* Graphics */ = {
			isa = PBXGroup;
			children = (
				6D30438E1FA102C300154EA3 /* measurementTape.png */,
				6D70056F1F9AB2BB00C7410E /* calibration.png */,
				6D7005701F9AB2BB00C7410E /* Default-568h@2x.png */,
				6D7005711F9AB2BB00C7410E /* Default-Landscape@2x~ipad.png */,
				6D7005721F9AB2BB00C7410E /* Default-Landscape~ipad.png */,
				6D7005731F9AB2BB00C7410E /* Default@2x.png */,
				6D7005741F9AB2BB00C7410E /* doneButton@2x.png */,
				6D7005751F9AB2BB00C7410E /* innerCircle@2x.png */,
				6D7005771F9AB2BB00C7410E /* outerCircle@2x.png */,
				6D7005781F9AB2BB00C7410E /* resetScanButton@2x.png */,
				6D7005791F9AB2BB00C7410E /* Splash.png */,
				6D70057A1F9AB2BB00C7410E /* startScanButton@2x.png */,
			);
			name = Graphics;
			path = "../../../../Structure SDK/Samples/RoomCapture/Graphics";
			sourceTree = "<group>";
		};
		6D70058C1F9AB2BD00C7410E /* en.lproj */ = {
			isa = PBXGroup;
			children = (
				6D70058F1F9AB2BD00C7410E /* ViewController_iPad.xib */,
			);
			name = en.lproj;
			path = "../../../../Structure SDK/Samples/RoomCapture/en.lproj";
			sourceTree = "<group>";
		};
		6DCE0A9E1F6FBA3D008EA942 /* Capture */ = {
			isa = PBXGroup;
			children = (
				6D7005061F9AB16E00C7410E /* Frame */,
				6D7005041F9AB16300C7410E /* Model */,
			);
			path = Capture;
			sourceTree = "<group>";
		};
		6DCE0A9F1F70E46D008EA942 /* Util */ = {
			isa = PBXGroup;
			children = (
				6DA2BAC41F822BBF004DEE36 /* Constants.swift */,
				6DA2BACA1F837320004DEE36 /* Util.swift */,
				6D13726C1F9A89AE0052B3E9 /* SpinnerView.swift */,
			);
			path = Util;
			sourceTree = "<group>";
		};
		775036790D52B530F477EEAC /* Pods */ = {
			isa = PBXGroup;
			children = (
				74A8FD7DD900B0003922583E /* Pods-LivingBIM.debug.xcconfig */,
				03069959369C29F25A1B4D01 /* Pods-LivingBIM.release.xcconfig */,
			);
			name = Pods;
			sourceTree = "<group>";
		};
/* End PBXGroup section */

/* Begin PBXNativeTarget section */
		2BEDC3501F69EF1B00C27C36 /* LivingBIM */ = {
			isa = PBXNativeTarget;
			buildConfigurationList = 2BEDC3631F69EF1B00C27C36 /* Build configuration list for PBXNativeTarget "LivingBIM" */;
			buildPhases = (
				69CF57EC5F4BFF2E530A9109 /* [CP] Check Pods Manifest.lock */,
				2BEDC34D1F69EF1B00C27C36 /* Sources */,
				2BEDC34E1F69EF1B00C27C36 /* Frameworks */,
				2BEDC34F1F69EF1B00C27C36 /* Resources */,
				16F7747EDDF6DAE17173C6D1 /* [CP] Embed Pods Frameworks */,
				B1AEFBD53FF6358D333BC552 /* [CP] Copy Pods Resources */,
			);
			buildRules = (
			);
			dependencies = (
			);
			name = LivingBIM;
			productName = LivingBIM;
			productReference = 2BEDC3511F69EF1B00C27C36 /* LivingBIM.app */;
			productType = "com.apple.product-type.application";
		};
/* End PBXNativeTarget section */

/* Begin PBXProject section */
		2BEDC3491F69EF1B00C27C36 /* Project object */ = {
			isa = PBXProject;
			attributes = {
				LastSwiftUpdateCheck = 0830;
				LastUpgradeCheck = 0900;
				ORGANIZATIONNAME = CAEE;
				TargetAttributes = {
					2BEDC3501F69EF1B00C27C36 = {
						CreatedOnToolsVersion = 8.3.3;
						DevelopmentTeam = 92MEC287CA;
						LastSwiftMigration = 0830;
						ProvisioningStyle = Automatic;
					};
				};
			};
			buildConfigurationList = 2BEDC34C1F69EF1B00C27C36 /* Build configuration list for PBXProject "LivingBIM" */;
			compatibilityVersion = "Xcode 3.2";
			developmentRegion = English;
			hasScannedForEncodings = 0;
			knownRegions = (
				en,
				Base,
			);
			mainGroup = 2BEDC3481F69EF1B00C27C36;
			productRefGroup = 2BEDC3521F69EF1B00C27C36 /* Products */;
			projectDirPath = "";
			projectRoot = "";
			targets = (
				2BEDC3501F69EF1B00C27C36 /* LivingBIM */,
			);
		};
/* End PBXProject section */

/* Begin PBXResourcesBuildPhase section */
		2BEDC34F1F69EF1B00C27C36 /* Resources */ = {
			isa = PBXResourcesBuildPhase;
			buildActionMask = 2147483647;
			files = (
				6D30438F1FA102C300154EA3 /* measurementTape.png in Resources */,
				6D7005A21F9AB2BE00C7410E /* doneButton@2x.png in Resources */,
				6D7005A61F9AB2BE00C7410E /* resetScanButton@2x.png in Resources */,
				6D7005B01F9AB2BE00C7410E /* MeshView.xib in Resources */,
				6D7005B51F9AB2BE00C7410E /* ViewController_iPad.xib in Resources */,
				6D7005A81F9AB2BE00C7410E /* startScanButton@2x.png in Resources */,
				2BEDC35F1F69EF1B00C27C36 /* LaunchScreen.storyboard in Resources */,
				2BEDC35C1F69EF1B00C27C36 /* Assets.xcassets in Resources */,
				6D70059D1F9AB2BE00C7410E /* calibration.png in Resources */,
				6D7005A11F9AB2BE00C7410E /* Default@2x.png in Resources */,
				6D7005A71F9AB2BE00C7410E /* Splash.png in Resources */,
				6D70059F1F9AB2BE00C7410E /* Default-Landscape@2x~ipad.png in Resources */,
				6D7005A51F9AB2BE00C7410E /* outerCircle@2x.png in Resources */,
				6D7005A31F9AB2BE00C7410E /* innerCircle@2x.png in Resources */,
				2BEDC35A1F69EF1B00C27C36 /* Main.storyboard in Resources */,
				6D7005A01F9AB2BE00C7410E /* Default-Landscape~ipad.png in Resources */,
				6D70059E1F9AB2BE00C7410E /* Default-568h@2x.png in Resources */,
			);
			runOnlyForDeploymentPostprocessing = 0;
		};
/* End PBXResourcesBuildPhase section */

/* Begin PBXShellScriptBuildPhase section */
		16F7747EDDF6DAE17173C6D1 /* [CP] Embed Pods Frameworks */ = {
			isa = PBXShellScriptBuildPhase;
			buildActionMask = 2147483647;
			files = (
			);
			inputPaths = (
			);
			name = "[CP] Embed Pods Frameworks";
			outputPaths = (
			);
			runOnlyForDeploymentPostprocessing = 0;
			shellPath = /bin/sh;
			shellScript = "\"${SRCROOT}/Pods/Target Support Files/Pods-LivingBIM/Pods-LivingBIM-frameworks.sh\"\n";
			showEnvVarsInLog = 0;
		};
		69CF57EC5F4BFF2E530A9109 /* [CP] Check Pods Manifest.lock */ = {
			isa = PBXShellScriptBuildPhase;
			buildActionMask = 2147483647;
			files = (
			);
			inputPaths = (
			);
			name = "[CP] Check Pods Manifest.lock";
			outputPaths = (
			);
			runOnlyForDeploymentPostprocessing = 0;
			shellPath = /bin/sh;
			shellScript = "diff \"${PODS_ROOT}/../Podfile.lock\" \"${PODS_ROOT}/Manifest.lock\" > /dev/null\nif [ $? != 0 ] ; then\n    # print error to STDERR\n    echo \"error: The sandbox is not in sync with the Podfile.lock. Run 'pod install' or update your CocoaPods installation.\" >&2\n    exit 1\nfi\n";
			showEnvVarsInLog = 0;
		};
		B1AEFBD53FF6358D333BC552 /* [CP] Copy Pods Resources */ = {
			isa = PBXShellScriptBuildPhase;
			buildActionMask = 2147483647;
			files = (
			);
			inputPaths = (
			);
			name = "[CP] Copy Pods Resources";
			outputPaths = (
			);
			runOnlyForDeploymentPostprocessing = 0;
			shellPath = /bin/sh;
			shellScript = "\"${SRCROOT}/Pods/Target Support Files/Pods-LivingBIM/Pods-LivingBIM-resources.sh\"\n";
			showEnvVarsInLog = 0;
		};
/* End PBXShellScriptBuildPhase section */

/* Begin PBXSourcesBuildPhase section */
		2BEDC34D1F69EF1B00C27C36 /* Sources */ = {
			isa = PBXSourcesBuildPhase;
			buildActionMask = 2147483647;
			files = (
				6D7005981F9AB2BE00C7410E /* ViewpointController.mm in Sources */,
				6D7005AE1F9AB2BE00C7410E /* MeshViewController.mm in Sources */,
				6D6761ED1FB2EB9C00BEF3CE /* SettingsTableViewCell.swift in Sources */,
				6D6761EB1FB2EA9900BEF3CE /* Settings.swift in Sources */,
				6D70059C1F9AB2BE00C7410E /* AppDelegate.mm in Sources */,
				6D13726D1F9A89AE0052B3E9 /* SpinnerView.swift in Sources */,
				6D7005A91F9AB2BE00C7410E /* ViewController.mm in Sources */,
				6D7005971F9AB2BE00C7410E /* GraphicsRenderer.mm in Sources */,
				6D7005BA1FA0EE2A00C7410E /* Wrapper.mm in Sources */,
				6DD607011FCD627000A97717 /* Frame.swift in Sources */,
				6D70059B1F9AB2BE00C7410E /* MeshRenderer.mm in Sources */,
				6DA2BAC51F822BBF004DEE36 /* Constants.swift in Sources */,
				6D7005B61F9AB2BE00C7410E /* Joystick.mm in Sources */,
				2BEDC3571F69EF1B00C27C36 /* CaptureFrameViewController.swift in Sources */,
				6DAEC0A21FBF9C3A00BEADE6 /* Building.swift in Sources */,
				6D6761E91FB2E9CE00BEF3CE /* SettingsTableViewController.swift in Sources */,
				6DA2BAC91F8357E5004DEE36 /* LivingBIM.xcdatamodeld in Sources */,
				6D7005B21F9AB2BE00C7410E /* CustomUIKitStyles.mm in Sources */,
				6D39ED771FBAE1FE004AF52A /* BuildingPickerViewController.swift in Sources */,
				6D7005961F9AB2BE00C7410E /* ViewController+SLAM.mm in Sources */,
				6D7005AB1F9AB2BE00C7410E /* ViewController+Sensor.mm in Sources */,
				6D7005B31F9AB2BE00C7410E /* EAGLView.mm in Sources */,
				6DA2BACB1F837320004DEE36 /* Util.swift in Sources */,
				6D7005AA1F9AB2BE00C7410E /* ViewController+OpenGL.mm in Sources */,
				2BEDC3551F69EF1B00C27C36 /* AppDelegate.swift in Sources */,
				6D7005B11F9AB2BE00C7410E /* CustomShaders.mm in Sources */,
				6DA2BACD1F837DED004DEE36 /* HomeTableViewCell.swift in Sources */,
				6D36A6AA1F6FABD80033DCE4 /* HomeViewController.swift in Sources */,
				6D7005991F9AB2BE00C7410E /* CalibrationOverlay.mm in Sources */,
				6D7005AD1F9AB2BE00C7410E /* ViewController+Camera.mm in Sources */,
			);
			runOnlyForDeploymentPostprocessing = 0;
		};
/* End PBXSourcesBuildPhase section */

/* Begin PBXVariantGroup section */
		2BEDC3581F69EF1B00C27C36 /* Main.storyboard */ = {
			isa = PBXVariantGroup;
			children = (
				2BEDC3591F69EF1B00C27C36 /* Base */,
			);
			name = Main.storyboard;
			sourceTree = "<group>";
			usesTabs = 0;
		};
		2BEDC35D1F69EF1B00C27C36 /* LaunchScreen.storyboard */ = {
			isa = PBXVariantGroup;
			children = (
				2BEDC35E1F69EF1B00C27C36 /* Base */,
			);
			name = LaunchScreen.storyboard;
			sourceTree = "<group>";
		};
		6D70058F1F9AB2BD00C7410E /* ViewController_iPad.xib */ = {
			isa = PBXVariantGroup;
			children = (
				6D7005901F9AB2BD00C7410E /* en */,
			);
			name = ViewController_iPad.xib;
			sourceTree = "<group>";
		};
/* End PBXVariantGroup section */

/* Begin XCBuildConfiguration section */
		2BEDC3611F69EF1B00C27C36 /* Debug */ = {
			isa = XCBuildConfiguration;
			buildSettings = {
				ALWAYS_SEARCH_USER_PATHS = NO;
				CLANG_ANALYZER_NONNULL = YES;
				CLANG_ANALYZER_NUMBER_OBJECT_CONVERSION = YES_AGGRESSIVE;
				CLANG_CXX_LANGUAGE_STANDARD = "gnu++0x";
				CLANG_CXX_LIBRARY = "libc++";
				CLANG_ENABLE_MODULES = YES;
				CLANG_ENABLE_OBJC_ARC = YES;
				CLANG_WARN_BLOCK_CAPTURE_AUTORELEASING = YES;
				CLANG_WARN_BOOL_CONVERSION = YES;
				CLANG_WARN_COMMA = YES;
				CLANG_WARN_CONSTANT_CONVERSION = YES;
				CLANG_WARN_DIRECT_OBJC_ISA_USAGE = YES_ERROR;
				CLANG_WARN_DOCUMENTATION_COMMENTS = YES;
				CLANG_WARN_EMPTY_BODY = YES;
				CLANG_WARN_ENUM_CONVERSION = YES;
				CLANG_WARN_INFINITE_RECURSION = YES;
				CLANG_WARN_INT_CONVERSION = YES;
				CLANG_WARN_NON_LITERAL_NULL_CONVERSION = YES;
				CLANG_WARN_OBJC_LITERAL_CONVERSION = YES;
				CLANG_WARN_OBJC_ROOT_CLASS = YES_ERROR;
				CLANG_WARN_RANGE_LOOP_ANALYSIS = YES;
				CLANG_WARN_STRICT_PROTOTYPES = YES;
				CLANG_WARN_SUSPICIOUS_MOVE = YES;
				CLANG_WARN_UNREACHABLE_CODE = YES;
				CLANG_WARN__DUPLICATE_METHOD_MATCH = YES;
				"CODE_SIGN_IDENTITY[sdk=iphoneos*]" = "iPhone Developer";
				COPY_PHASE_STRIP = NO;
				DEBUG_INFORMATION_FORMAT = dwarf;
				ENABLE_STRICT_OBJC_MSGSEND = YES;
				ENABLE_TESTABILITY = YES;
				GCC_C_LANGUAGE_STANDARD = gnu99;
				GCC_DYNAMIC_NO_PIC = NO;
				GCC_NO_COMMON_BLOCKS = YES;
				GCC_OPTIMIZATION_LEVEL = 0;
				GCC_PREPROCESSOR_DEFINITIONS = (
					"DEBUG=1",
					"$(inherited)",
				);
				GCC_WARN_64_TO_32_BIT_CONVERSION = YES;
				GCC_WARN_ABOUT_RETURN_TYPE = YES_ERROR;
				GCC_WARN_UNDECLARED_SELECTOR = YES;
				GCC_WARN_UNINITIALIZED_AUTOS = YES_AGGRESSIVE;
				GCC_WARN_UNUSED_FUNCTION = YES;
				GCC_WARN_UNUSED_VARIABLE = YES;
				HEADER_SEARCH_PATHS = "$(PROJECT_DIR)/Structure.framework/Headers";
				IPHONEOS_DEPLOYMENT_TARGET = 10.3;
				MTL_ENABLE_DEBUG_INFO = YES;
				ONLY_ACTIVE_ARCH = YES;
				OTHER_LDFLAGS = "-lc++";
				SDKROOT = iphoneos;
				SWIFT_ACTIVE_COMPILATION_CONDITIONS = DEBUG;
				SWIFT_OPTIMIZATION_LEVEL = "-Onone";
				TARGETED_DEVICE_FAMILY = "1,2";
			};
			name = Debug;
		};
		2BEDC3621F69EF1B00C27C36 /* Release */ = {
			isa = XCBuildConfiguration;
			buildSettings = {
				ALWAYS_SEARCH_USER_PATHS = NO;
				CLANG_ANALYZER_NONNULL = YES;
				CLANG_ANALYZER_NUMBER_OBJECT_CONVERSION = YES_AGGRESSIVE;
				CLANG_CXX_LANGUAGE_STANDARD = "gnu++0x";
				CLANG_CXX_LIBRARY = "libc++";
				CLANG_ENABLE_MODULES = YES;
				CLANG_ENABLE_OBJC_ARC = YES;
				CLANG_WARN_BLOCK_CAPTURE_AUTORELEASING = YES;
				CLANG_WARN_BOOL_CONVERSION = YES;
				CLANG_WARN_COMMA = YES;
				CLANG_WARN_CONSTANT_CONVERSION = YES;
				CLANG_WARN_DIRECT_OBJC_ISA_USAGE = YES_ERROR;
				CLANG_WARN_DOCUMENTATION_COMMENTS = YES;
				CLANG_WARN_EMPTY_BODY = YES;
				CLANG_WARN_ENUM_CONVERSION = YES;
				CLANG_WARN_INFINITE_RECURSION = YES;
				CLANG_WARN_INT_CONVERSION = YES;
				CLANG_WARN_NON_LITERAL_NULL_CONVERSION = YES;
				CLANG_WARN_OBJC_LITERAL_CONVERSION = YES;
				CLANG_WARN_OBJC_ROOT_CLASS = YES_ERROR;
				CLANG_WARN_RANGE_LOOP_ANALYSIS = YES;
				CLANG_WARN_STRICT_PROTOTYPES = YES;
				CLANG_WARN_SUSPICIOUS_MOVE = YES;
				CLANG_WARN_UNREACHABLE_CODE = YES;
				CLANG_WARN__DUPLICATE_METHOD_MATCH = YES;
				"CODE_SIGN_IDENTITY[sdk=iphoneos*]" = "iPhone Developer";
				COPY_PHASE_STRIP = NO;
				DEBUG_INFORMATION_FORMAT = "dwarf-with-dsym";
				ENABLE_NS_ASSERTIONS = NO;
				ENABLE_STRICT_OBJC_MSGSEND = YES;
				GCC_C_LANGUAGE_STANDARD = gnu99;
				GCC_NO_COMMON_BLOCKS = YES;
				GCC_WARN_64_TO_32_BIT_CONVERSION = YES;
				GCC_WARN_ABOUT_RETURN_TYPE = YES_ERROR;
				GCC_WARN_UNDECLARED_SELECTOR = YES;
				GCC_WARN_UNINITIALIZED_AUTOS = YES_AGGRESSIVE;
				GCC_WARN_UNUSED_FUNCTION = YES;
				GCC_WARN_UNUSED_VARIABLE = YES;
				HEADER_SEARCH_PATHS = "$(PROJECT_DIR)/Structure.framework/Headers";
				IPHONEOS_DEPLOYMENT_TARGET = 10.3;
				MTL_ENABLE_DEBUG_INFO = NO;
				OTHER_LDFLAGS = "-lc++";
				SDKROOT = iphoneos;
				SWIFT_OPTIMIZATION_LEVEL = "-Owholemodule";
				TARGETED_DEVICE_FAMILY = "1,2";
				VALIDATE_PRODUCT = YES;
			};
			name = Release;
		};
		2BEDC3641F69EF1B00C27C36 /* Debug */ = {
			isa = XCBuildConfiguration;
			baseConfigurationReference = 74A8FD7DD900B0003922583E /* Pods-LivingBIM.debug.xcconfig */;
			buildSettings = {
				ASSETCATALOG_COMPILER_APPICON_NAME = AppIcon;
				CLANG_ENABLE_MODULES = YES;
				DEVELOPMENT_TEAM = 92MEC287CA;
				ENABLE_BITCODE = NO;
				FRAMEWORK_SEARCH_PATHS = (
					"$(inherited)",
					"$(PROJECT_DIR)/LivingBIM",
				);
				GCC_INPUT_FILETYPE = automatic;
				HEADER_SEARCH_PATHS = "$(PROJECT_DIR)/Structure.framework/Headers";
				INFOPLIST_FILE = LivingBIM/Info.plist;
				IPHONEOS_DEPLOYMENT_TARGET = 11.0;
				LD_RUNPATH_SEARCH_PATHS = "$(inherited) @executable_path/Frameworks";
				OTHER_LDFLAGS = (
					"-lc++",
					"-all_load",
					"-ObjC",
				);
				PRODUCT_BUNDLE_IDENTIFIER = edu.utexas.caee.LivingBIM;
				PRODUCT_NAME = "$(TARGET_NAME)";
				SWIFT_OBJC_BRIDGING_HEADER = "LivingBIM/LivingBIM-Bridging-Header.h";
				SWIFT_OPTIMIZATION_LEVEL = "-Onone";
				SWIFT_VERSION = 3.0;
				TARGETED_DEVICE_FAMILY = "1,2";
			};
			name = Debug;
		};
		2BEDC3651F69EF1B00C27C36 /* Release */ = {
			isa = XCBuildConfiguration;
			baseConfigurationReference = 03069959369C29F25A1B4D01 /* Pods-LivingBIM.release.xcconfig */;
			buildSettings = {
				ASSETCATALOG_COMPILER_APPICON_NAME = AppIcon;
				CLANG_ENABLE_MODULES = YES;
				DEVELOPMENT_TEAM = 92MEC287CA;
				ENABLE_BITCODE = NO;
				FRAMEWORK_SEARCH_PATHS = (
					"$(inherited)",
					"$(PROJECT_DIR)/LivingBIM",
				);
				GCC_INPUT_FILETYPE = automatic;
				HEADER_SEARCH_PATHS = "$(PROJECT_DIR)/Structure.framework/Headers";
				INFOPLIST_FILE = LivingBIM/Info.plist;
				IPHONEOS_DEPLOYMENT_TARGET = 11.0;
				LD_RUNPATH_SEARCH_PATHS = "$(inherited) @executable_path/Frameworks";
				OTHER_LDFLAGS = (
					"-lc++",
					"-all_load",
					"-ObjC",
				);
				PRODUCT_BUNDLE_IDENTIFIER = edu.utexas.caee.LivingBIM;
				PRODUCT_NAME = "$(TARGET_NAME)";
				SWIFT_OBJC_BRIDGING_HEADER = "LivingBIM/LivingBIM-Bridging-Header.h";
				SWIFT_VERSION = 3.0;
				TARGETED_DEVICE_FAMILY = "1,2";
			};
			name = Release;
		};
/* End XCBuildConfiguration section */

/* Begin XCConfigurationList section */
		2BEDC34C1F69EF1B00C27C36 /* Build configuration list for PBXProject "LivingBIM" */ = {
			isa = XCConfigurationList;
			buildConfigurations = (
				2BEDC3611F69EF1B00C27C36 /* Debug */,
				2BEDC3621F69EF1B00C27C36 /* Release */,
			);
			defaultConfigurationIsVisible = 0;
			defaultConfigurationName = Release;
		};
		2BEDC3631F69EF1B00C27C36 /* Build configuration list for PBXNativeTarget "LivingBIM" */ = {
			isa = XCConfigurationList;
			buildConfigurations = (
				2BEDC3641F69EF1B00C27C36 /* Debug */,
				2BEDC3651F69EF1B00C27C36 /* Release */,
			);
			defaultConfigurationIsVisible = 0;
			defaultConfigurationName = Release;
		};
/* End XCConfigurationList section */

/* Begin XCVersionGroup section */
		6DA2BAC61F8357A8004DEE36 /* LivingBIM.xcdatamodeld */ = {
			isa = XCVersionGroup;
			children = (
				6DA2BAC71F8357A8004DEE36 /* LivingBIM.xcdatamodel */,
			);
			currentVersion = 6DA2BAC71F8357A8004DEE36 /* LivingBIM.xcdatamodel */;
			path = LivingBIM.xcdatamodeld;
			sourceTree = "<group>";
			versionGroupType = wrapper.xcdatamodel;
		};
/* End XCVersionGroup section */
	};
	rootObject = 2BEDC3491F69EF1B00C27C36 /* Project object */;
}
